// !$*UTF8*$!
{
	archiveVersion = 1;
	classes = {
	};
	objectVersion = 56;
	objects = {

/* Begin PBXAggregateTarget section */
		B394AA692ACD095C009B9AC6 /* LivenesMass-Univesal */ = {
			isa = PBXAggregateTarget;
			buildConfigurationList = B394AA6C2ACD095C009B9AC6 /* Build configuration list for PBXAggregateTarget "LivenesMass-Univesal" */;
			buildPhases = (
				B394AA6D2ACD0964009B9AC6 /* ShellScript */,
			);
			dependencies = (
			);
			name = "LivenesMass-Univesal";
			productName = "LivenesMass-Univesal";
		};
/* End PBXAggregateTarget section */

/* Begin PBXBuildFile section */
		85CDA2A981EC0BAC10180E25 /* Pods_LivenessMas.framework in Frameworks */ = {isa = PBXBuildFile; fileRef = 8221FCB07A39F7B801BBF2F2 /* Pods_LivenessMas.framework */; };
		B394AA472ACD0859009B9AC6 /* LivenessMas.h in Headers */ = {isa = PBXBuildFile; fileRef = B394AA462ACD0859009B9AC6 /* LivenessMas.h */; settings = {ATTRIBUTES = (Public, ); }; };
		B394AA502ACD088B009B9AC6 /* face_landmarker.task in Resources */ = {isa = PBXBuildFile; fileRef = B394AA4F2ACD088B009B9AC6 /* face_landmarker.task */; };
		B394AA5D2ACD08AA009B9AC6 /* Media.xcassets in Resources */ = {isa = PBXBuildFile; fileRef = B394AA512ACD08AA009B9AC6 /* Media.xcassets */; };
		B394AA5E2ACD08AA009B9AC6 /* MainSDKViewController.swift in Sources */ = {isa = PBXBuildFile; fileRef = B394AA532ACD08AA009B9AC6 /* MainSDKViewController.swift */; };
		B394AA5F2ACD08AA009B9AC6 /* InferenceViewController.xib in Resources */ = {isa = PBXBuildFile; fileRef = B394AA542ACD08AA009B9AC6 /* InferenceViewController.xib */; };
		B394AA602ACD08AA009B9AC6 /* InferenceViewController.swift in Sources */ = {isa = PBXBuildFile; fileRef = B394AA552ACD08AA009B9AC6 /* InferenceViewController.swift */; };
		B394AA612ACD08AA009B9AC6 /* MainSDKViewController.xib in Resources */ = {isa = PBXBuildFile; fileRef = B394AA562ACD08AA009B9AC6 /* MainSDKViewController.xib */; };
		B394AA622ACD08AA009B9AC6 /* FaceLandmarkerHelper.swift in Sources */ = {isa = PBXBuildFile; fileRef = B394AA582ACD08AA009B9AC6 /* FaceLandmarkerHelper.swift */; };
		B394AA632ACD08AA009B9AC6 /* PreviewView.swift in Sources */ = {isa = PBXBuildFile; fileRef = B394AA592ACD08AA009B9AC6 /* PreviewView.swift */; };
		B394AA642ACD08AA009B9AC6 /* OverlayView.swift in Sources */ = {isa = PBXBuildFile; fileRef = B394AA5A2ACD08AA009B9AC6 /* OverlayView.swift */; };
		B394AA652ACD08AA009B9AC6 /* CameraFeedManager.swift in Sources */ = {isa = PBXBuildFile; fileRef = B394AA5B2ACD08AA009B9AC6 /* CameraFeedManager.swift */; };
		B394AA662ACD08AA009B9AC6 /* UIViewControlller+Extensions.swift in Sources */ = {isa = PBXBuildFile; fileRef = B394AA5C2ACD08AA009B9AC6 /* UIViewControlller+Extensions.swift */; };
		B394AA682ACD08C6009B9AC6 /* LivenessSDK.swift in Sources */ = {isa = PBXBuildFile; fileRef = B394AA672ACD08C6009B9AC6 /* LivenessSDK.swift */; };
/* End PBXBuildFile section */

/* Begin PBXFileReference section */
		7DB44737B08FD25D9F00B54F /* Pods-LivenessMas.debug.xcconfig */ = {isa = PBXFileReference; includeInIndex = 1; lastKnownFileType = text.xcconfig; name = "Pods-LivenessMas.debug.xcconfig"; path = "Target Support Files/Pods-LivenessMas/Pods-LivenessMas.debug.xcconfig"; sourceTree = "<group>"; };
		8221FCB07A39F7B801BBF2F2 /* Pods_LivenessMas.framework */ = {isa = PBXFileReference; explicitFileType = wrapper.framework; includeInIndex = 0; path = Pods_LivenessMas.framework; sourceTree = BUILT_PRODUCTS_DIR; };
		B394AA432ACD0859009B9AC6 /* LivenessMas.framework */ = {isa = PBXFileReference; explicitFileType = wrapper.framework; includeInIndex = 0; path = LivenessMas.framework; sourceTree = BUILT_PRODUCTS_DIR; };
		B394AA462ACD0859009B9AC6 /* LivenessMas.h */ = {isa = PBXFileReference; lastKnownFileType = sourcecode.c.h; path = LivenessMas.h; sourceTree = "<group>"; };
		B394AA4F2ACD088B009B9AC6 /* face_landmarker.task */ = {isa = PBXFileReference; lastKnownFileType = file; path = face_landmarker.task; sourceTree = "<group>"; };
		B394AA512ACD08AA009B9AC6 /* Media.xcassets */ = {isa = PBXFileReference; lastKnownFileType = folder.assetcatalog; path = Media.xcassets; sourceTree = "<group>"; };
		B394AA532ACD08AA009B9AC6 /* MainSDKViewController.swift */ = {isa = PBXFileReference; fileEncoding = 4; lastKnownFileType = sourcecode.swift; path = MainSDKViewController.swift; sourceTree = "<group>"; };
		B394AA542ACD08AA009B9AC6 /* InferenceViewController.xib */ = {isa = PBXFileReference; fileEncoding = 4; lastKnownFileType = file.xib; path = InferenceViewController.xib; sourceTree = "<group>"; };
		B394AA552ACD08AA009B9AC6 /* InferenceViewController.swift */ = {isa = PBXFileReference; fileEncoding = 4; lastKnownFileType = sourcecode.swift; path = InferenceViewController.swift; sourceTree = "<group>"; };
		B394AA562ACD08AA009B9AC6 /* MainSDKViewController.xib */ = {isa = PBXFileReference; fileEncoding = 4; lastKnownFileType = file.xib; path = MainSDKViewController.xib; sourceTree = "<group>"; };
		B394AA582ACD08AA009B9AC6 /* FaceLandmarkerHelper.swift */ = {isa = PBXFileReference; fileEncoding = 4; lastKnownFileType = sourcecode.swift; path = FaceLandmarkerHelper.swift; sourceTree = "<group>"; };
		B394AA592ACD08AA009B9AC6 /* PreviewView.swift */ = {isa = PBXFileReference; fileEncoding = 4; lastKnownFileType = sourcecode.swift; path = PreviewView.swift; sourceTree = "<group>"; };
		B394AA5A2ACD08AA009B9AC6 /* OverlayView.swift */ = {isa = PBXFileReference; fileEncoding = 4; lastKnownFileType = sourcecode.swift; path = OverlayView.swift; sourceTree = "<group>"; };
		B394AA5B2ACD08AA009B9AC6 /* CameraFeedManager.swift */ = {isa = PBXFileReference; fileEncoding = 4; lastKnownFileType = sourcecode.swift; path = CameraFeedManager.swift; sourceTree = "<group>"; };
		B394AA5C2ACD08AA009B9AC6 /* UIViewControlller+Extensions.swift */ = {isa = PBXFileReference; fileEncoding = 4; lastKnownFileType = sourcecode.swift; path = "UIViewControlller+Extensions.swift"; sourceTree = "<group>"; };
		B394AA672ACD08C6009B9AC6 /* LivenessSDK.swift */ = {isa = PBXFileReference; fileEncoding = 4; lastKnownFileType = sourcecode.swift; path = LivenessSDK.swift; sourceTree = "<group>"; };
		B58FA978A9A6D57718753345 /* Pods-LivenessMas.release.xcconfig */ = {isa = PBXFileReference; includeInIndex = 1; lastKnownFileType = text.xcconfig; name = "Pods-LivenessMas.release.xcconfig"; path = "Target Support Files/Pods-LivenessMas/Pods-LivenessMas.release.xcconfig"; sourceTree = "<group>"; };
/* End PBXFileReference section */

/* Begin PBXFrameworksBuildPhase section */
		B394AA402ACD0859009B9AC6 /* Frameworks */ = {
			isa = PBXFrameworksBuildPhase;
			buildActionMask = 2147483647;
			files = (
				85CDA2A981EC0BAC10180E25 /* Pods_LivenessMas.framework in Frameworks */,
			);
			runOnlyForDeploymentPostprocessing = 0;
		};
/* End PBXFrameworksBuildPhase section */

/* Begin PBXGroup section */
		262E2A88E871D776E5D5E925 /* Frameworks */ = {
			isa = PBXGroup;
			children = (
				8221FCB07A39F7B801BBF2F2 /* Pods_LivenessMas.framework */,
			);
			name = Frameworks;
			sourceTree = "<group>";
		};
		B394AA392ACD0859009B9AC6 = {
			isa = PBXGroup;
			children = (
				B394AA452ACD0859009B9AC6 /* LivenessMas */,
				B394AA442ACD0859009B9AC6 /* Products */,
				B526A7FD846AA6146F438E7C /* Pods */,
				262E2A88E871D776E5D5E925 /* Frameworks */,
			);
			sourceTree = "<group>";
		};
		B394AA442ACD0859009B9AC6 /* Products */ = {
			isa = PBXGroup;
			children = (
				B394AA432ACD0859009B9AC6 /* LivenessMas.framework */,
			);
			name = Products;
			sourceTree = "<group>";
		};
		B394AA452ACD0859009B9AC6 /* LivenessMas */ = {
			isa = PBXGroup;
			children = (
				B394AA4E2ACD0875009B9AC6 /* Assets */,
				B394AA4D2ACD0861009B9AC6 /* Classes */,
			);
			path = LivenessMas;
			sourceTree = "<group>";
		};
		B394AA4D2ACD0861009B9AC6 /* Classes */ = {
			isa = PBXGroup;
			children = (
				B394AA582ACD08AA009B9AC6 /* FaceLandmarkerHelper.swift */,
				B394AA592ACD08AA009B9AC6 /* PreviewView.swift */,
				B394AA5A2ACD08AA009B9AC6 /* OverlayView.swift */,
				B394AA5B2ACD08AA009B9AC6 /* CameraFeedManager.swift */,
				B394AA5C2ACD08AA009B9AC6 /* UIViewControlller+Extensions.swift */,
				B394AA532ACD08AA009B9AC6 /* MainSDKViewController.swift */,
				B394AA542ACD08AA009B9AC6 /* InferenceViewController.xib */,
				B394AA552ACD08AA009B9AC6 /* InferenceViewController.swift */,
				B394AA562ACD08AA009B9AC6 /* MainSDKViewController.xib */,
				B394AA4F2ACD088B009B9AC6 /* face_landmarker.task */,
				B394AA672ACD08C6009B9AC6 /* LivenessSDK.swift */,
				B394AA462ACD0859009B9AC6 /* LivenessMas.h */,
			);
			path = Classes;
			sourceTree = "<group>";
		};
		B394AA4E2ACD0875009B9AC6 /* Assets */ = {
			isa = PBXGroup;
			children = (
				B394AA512ACD08AA009B9AC6 /* Media.xcassets */,
			);
			path = Assets;
			sourceTree = "<group>";
		};
		B526A7FD846AA6146F438E7C /* Pods */ = {
			isa = PBXGroup;
			children = (
				7DB44737B08FD25D9F00B54F /* Pods-LivenessMas.debug.xcconfig */,
				B58FA978A9A6D57718753345 /* Pods-LivenessMas.release.xcconfig */,
			);
			path = Pods;
			sourceTree = "<group>";
		};
/* End PBXGroup section */

/* Begin PBXHeadersBuildPhase section */
		B394AA3E2ACD0859009B9AC6 /* Headers */ = {
			isa = PBXHeadersBuildPhase;
			buildActionMask = 2147483647;
			files = (
				B394AA472ACD0859009B9AC6 /* LivenessMas.h in Headers */,
			);
			runOnlyForDeploymentPostprocessing = 0;
		};
/* End PBXHeadersBuildPhase section */

/* Begin PBXNativeTarget section */
		B394AA422ACD0859009B9AC6 /* LivenessMas */ = {
			isa = PBXNativeTarget;
			buildConfigurationList = B394AA4A2ACD0859009B9AC6 /* Build configuration list for PBXNativeTarget "LivenessMas" */;
			buildPhases = (
				C9683D7DBBDF904E3AE8CAEB /* [CP] Check Pods Manifest.lock */,
				B394AA3E2ACD0859009B9AC6 /* Headers */,
				B394AA3F2ACD0859009B9AC6 /* Sources */,
				B394AA402ACD0859009B9AC6 /* Frameworks */,
				B394AA412ACD0859009B9AC6 /* Resources */,
			);
			buildRules = (
			);
			dependencies = (
			);
			name = LivenessMas;
			productName = LivenessMas;
			productReference = B394AA432ACD0859009B9AC6 /* LivenessMas.framework */;
			productType = "com.apple.product-type.framework";
		};
/* End PBXNativeTarget section */

/* Begin PBXProject section */
		B394AA3A2ACD0859009B9AC6 /* Project object */ = {
			isa = PBXProject;
			attributes = {
				BuildIndependentTargetsInParallel = 1;
				LastUpgradeCheck = 1410;
				TargetAttributes = {
					B394AA422ACD0859009B9AC6 = {
						CreatedOnToolsVersion = 14.1;
					};
					B394AA692ACD095C009B9AC6 = {
						CreatedOnToolsVersion = 14.1;
					};
				};
			};
			buildConfigurationList = B394AA3D2ACD0859009B9AC6 /* Build configuration list for PBXProject "LivenessMas" */;
			compatibilityVersion = "Xcode 14.0";
			developmentRegion = en;
			hasScannedForEncodings = 0;
			knownRegions = (
				en,
				Base,
			);
			mainGroup = B394AA392ACD0859009B9AC6;
			productRefGroup = B394AA442ACD0859009B9AC6 /* Products */;
			projectDirPath = "";
			projectRoot = "";
			targets = (
				B394AA422ACD0859009B9AC6 /* LivenessMas */,
				B394AA692ACD095C009B9AC6 /* LivenesMass-Univesal */,
			);
		};
/* End PBXProject section */

/* Begin PBXResourcesBuildPhase section */
		B394AA412ACD0859009B9AC6 /* Resources */ = {
			isa = PBXResourcesBuildPhase;
			buildActionMask = 2147483647;
			files = (
				B394AA612ACD08AA009B9AC6 /* MainSDKViewController.xib in Resources */,
				B394AA5F2ACD08AA009B9AC6 /* InferenceViewController.xib in Resources */,
				B394AA5D2ACD08AA009B9AC6 /* Media.xcassets in Resources */,
				B394AA502ACD088B009B9AC6 /* face_landmarker.task in Resources */,
			);
			runOnlyForDeploymentPostprocessing = 0;
		};
/* End PBXResourcesBuildPhase section */

/* Begin PBXShellScriptBuildPhase section */
		B394AA6D2ACD0964009B9AC6 /* ShellScript */ = {
			isa = PBXShellScriptBuildPhase;
			buildActionMask = 2147483647;
			files = (
			);
			inputFileListPaths = (
			);
			inputPaths = (
			);
			outputFileListPaths = (
			);
			outputPaths = (
			);
			runOnlyForDeploymentPostprocessing = 0;
			shellPath = /bin/sh;
			shellScript = "# Sets the target folders and the final framework product.\nFMK_NAME=LivenessMas\nFMK_VERSION=1.0\n\n# Install dir will be the final output to the framework.\n# The following line create it in the root folder of the current project.\nINSTALL_DIR=${SRCROOT}/Products/${FMK_NAME}.framework\n\n# Working dir will be deleted after the framework creation.\nWRK_DIR=build\nDEVICE_DIR=${WRK_DIR}/Release-iphoneos/${FMK_NAME}.framework\nSIMULATOR_DIR=${WRK_DIR}/Release-iphonesimulator/${FMK_NAME}.framework\n\n# Building both architectures.\nxcodebuild -configuration \"Release\" -target \"${FMK_NAME}\" -sdk iphoneos\nxcodebuild -configuration \"Release\" -target \"${FMK_NAME}\" -sdk iphonesimulator\n\n# Cleaning the oldest.\nif [ -d \"${INSTALL_DIR}\" ]\nthen\nrm -rf \"${INSTALL_DIR}\"\nfi\n\n# Creates and renews the final product folder.\nmkdir -p \"${INSTALL_DIR}\"\nmkdir -p \"${INSTALL_DIR}/Versions\"\nmkdir -p \"${INSTALL_DIR}/Versions/${FMK_VERSION}\"\nmkdir -p \"${INSTALL_DIR}/Versions/${FMK_VERSION}/Resources\"\nmkdir -p \"${INSTALL_DIR}/Versions/${FMK_VERSION}/Headers\"\n\n# Creates the internal links.\n# It MUST uses relative path, otherwise will not work when the folder is copied/moved.\nln -s \"${FMK_VERSION}\" \"${INSTALL_DIR}/Versions/Current\"\nln -s \"Versions/Current/Headers\" \"${INSTALL_DIR}/Headers\"\nln -s \"Versions/Current/Resources\" \"${INSTALL_DIR}/Resources\"\nln -s \"Versions/Current/${FMK_NAME}\" \"${INSTALL_DIR}/${FMK_NAME}\"\n\n# Copies the headers and resources files to the final product folder.\ncp -R \"${DEVICE_DIR}/Headers/\" \"${INSTALL_DIR}/Versions/${FMK_VERSION}/Headers/\"\ncp -R \"${DEVICE_DIR}/\" \"${INSTALL_DIR}/Versions/${FMK_VERSION}/Resources/\"\n\n# Removes the binary and header from the resources folder.\nrm -r \"${INSTALL_DIR}/Versions/${FMK_VERSION}/Resources/Headers\" \"${INSTALL_DIR}/Versions/${FMK_VERSION}/Resources/${FMK_NAME}\"\n\n# Uses the Lipo Tool to merge both binary files (i386 + armv6/armv7) into one Universal final product.\nlipo -create \"${DEVICE_DIR}/${FMK_NAME}\" \"${SIMULATOR_DIR}/${FMK_NAME}\" -output \"${INSTALL_DIR}/Versions/${FMK_VERSION}/${FMK_NAME}\"\n\nrm -r \"${WRK_DIR}\"\n";
		};
		C9683D7DBBDF904E3AE8CAEB /* [CP] Check Pods Manifest.lock */ = {
			isa = PBXShellScriptBuildPhase;
			buildActionMask = 2147483647;
			files = (
			);
			inputFileListPaths = (
			);
			inputPaths = (
				"${PODS_PODFILE_DIR_PATH}/Podfile.lock",
				"${PODS_ROOT}/Manifest.lock",
			);
			name = "[CP] Check Pods Manifest.lock";
			outputFileListPaths = (
			);
			outputPaths = (
				"$(DERIVED_FILE_DIR)/Pods-LivenessMas-checkManifestLockResult.txt",
			);
			runOnlyForDeploymentPostprocessing = 0;
			shellPath = /bin/sh;
			shellScript = "diff \"${PODS_PODFILE_DIR_PATH}/Podfile.lock\" \"${PODS_ROOT}/Manifest.lock\" > /dev/null\nif [ $? != 0 ] ; then\n    # print error to STDERR\n    echo \"error: The sandbox is not in sync with the Podfile.lock. Run 'pod install' or update your CocoaPods installation.\" >&2\n    exit 1\nfi\n# This output is used by Xcode 'outputs' to avoid re-running this script phase.\necho \"SUCCESS\" > \"${SCRIPT_OUTPUT_FILE_0}\"\n";
			showEnvVarsInLog = 0;
		};
/* End PBXShellScriptBuildPhase section */

/* Begin PBXSourcesBuildPhase section */
		B394AA3F2ACD0859009B9AC6 /* Sources */ = {
			isa = PBXSourcesBuildPhase;
			buildActionMask = 2147483647;
			files = (
				B394AA602ACD08AA009B9AC6 /* InferenceViewController.swift in Sources */,
				B394AA632ACD08AA009B9AC6 /* PreviewView.swift in Sources */,
				B394AA622ACD08AA009B9AC6 /* FaceLandmarkerHelper.swift in Sources */,
				B394AA5E2ACD08AA009B9AC6 /* MainSDKViewController.swift in Sources */,
				B394AA652ACD08AA009B9AC6 /* CameraFeedManager.swift in Sources */,
				B394AA642ACD08AA009B9AC6 /* OverlayView.swift in Sources */,
				B394AA662ACD08AA009B9AC6 /* UIViewControlller+Extensions.swift in Sources */,
				B394AA682ACD08C6009B9AC6 /* LivenessSDK.swift in Sources */,
			);
			runOnlyForDeploymentPostprocessing = 0;
		};
/* End PBXSourcesBuildPhase section */

/* Begin XCBuildConfiguration section */
		B394AA482ACD0859009B9AC6 /* Debug */ = {
			isa = XCBuildConfiguration;
			buildSettings = {
				ALWAYS_SEARCH_USER_PATHS = NO;
				CLANG_ANALYZER_NONNULL = YES;
				CLANG_ANALYZER_NUMBER_OBJECT_CONVERSION = YES_AGGRESSIVE;
				CLANG_CXX_LANGUAGE_STANDARD = "gnu++20";
				CLANG_ENABLE_MODULES = YES;
				CLANG_ENABLE_OBJC_ARC = YES;
				CLANG_ENABLE_OBJC_WEAK = YES;
				CLANG_WARN_BLOCK_CAPTURE_AUTORELEASING = YES;
				CLANG_WARN_BOOL_CONVERSION = YES;
				CLANG_WARN_COMMA = YES;
				CLANG_WARN_CONSTANT_CONVERSION = YES;
				CLANG_WARN_DEPRECATED_OBJC_IMPLEMENTATIONS = YES;
				CLANG_WARN_DIRECT_OBJC_ISA_USAGE = YES_ERROR;
				CLANG_WARN_DOCUMENTATION_COMMENTS = YES;
				CLANG_WARN_EMPTY_BODY = YES;
				CLANG_WARN_ENUM_CONVERSION = YES;
				CLANG_WARN_INFINITE_RECURSION = YES;
				CLANG_WARN_INT_CONVERSION = YES;
				CLANG_WARN_NON_LITERAL_NULL_CONVERSION = YES;
				CLANG_WARN_OBJC_IMPLICIT_RETAIN_SELF = YES;
				CLANG_WARN_OBJC_LITERAL_CONVERSION = YES;
				CLANG_WARN_OBJC_ROOT_CLASS = YES_ERROR;
				CLANG_WARN_QUOTED_INCLUDE_IN_FRAMEWORK_HEADER = YES;
				CLANG_WARN_RANGE_LOOP_ANALYSIS = YES;
				CLANG_WARN_STRICT_PROTOTYPES = YES;
				CLANG_WARN_SUSPICIOUS_MOVE = YES;
				CLANG_WARN_UNGUARDED_AVAILABILITY = YES_AGGRESSIVE;
				CLANG_WARN_UNREACHABLE_CODE = YES;
				CLANG_WARN__DUPLICATE_METHOD_MATCH = YES;
				COPY_PHASE_STRIP = NO;
				CURRENT_PROJECT_VERSION = 1;
				DEBUG_INFORMATION_FORMAT = dwarf;
				ENABLE_STRICT_OBJC_MSGSEND = YES;
				ENABLE_TESTABILITY = YES;
				GCC_C_LANGUAGE_STANDARD = gnu11;
				GCC_DYNAMIC_NO_PIC = NO;
				GCC_NO_COMMON_BLOCKS = YES;
				GCC_OPTIMIZATION_LEVEL = 0;
				GCC_PREPROCESSOR_DEFINITIONS = (
					"DEBUG=1",
					"$(inherited)",
				);
				GCC_WARN_64_TO_32_BIT_CONVERSION = YES;
				GCC_WARN_ABOUT_RETURN_TYPE = YES_ERROR;
				GCC_WARN_UNDECLARED_SELECTOR = YES;
				GCC_WARN_UNINITIALIZED_AUTOS = YES_AGGRESSIVE;
				GCC_WARN_UNUSED_FUNCTION = YES;
				GCC_WARN_UNUSED_VARIABLE = YES;
				IPHONEOS_DEPLOYMENT_TARGET = 16.1;
				MTL_ENABLE_DEBUG_INFO = INCLUDE_SOURCE;
				MTL_FAST_MATH = YES;
				ONLY_ACTIVE_ARCH = YES;
				SDKROOT = iphoneos;
				SWIFT_ACTIVE_COMPILATION_CONDITIONS = DEBUG;
				SWIFT_OPTIMIZATION_LEVEL = "-Onone";
				VERSIONING_SYSTEM = "apple-generic";
				VERSION_INFO_PREFIX = "";
			};
			name = Debug;
		};
		B394AA492ACD0859009B9AC6 /* Release */ = {
			isa = XCBuildConfiguration;
			buildSettings = {
				ALWAYS_SEARCH_USER_PATHS = NO;
				CLANG_ANALYZER_NONNULL = YES;
				CLANG_ANALYZER_NUMBER_OBJECT_CONVERSION = YES_AGGRESSIVE;
				CLANG_CXX_LANGUAGE_STANDARD = "gnu++20";
				CLANG_ENABLE_MODULES = YES;
				CLANG_ENABLE_OBJC_ARC = YES;
				CLANG_ENABLE_OBJC_WEAK = YES;
				CLANG_WARN_BLOCK_CAPTURE_AUTORELEASING = YES;
				CLANG_WARN_BOOL_CONVERSION = YES;
				CLANG_WARN_COMMA = YES;
				CLANG_WARN_CONSTANT_CONVERSION = YES;
				CLANG_WARN_DEPRECATED_OBJC_IMPLEMENTATIONS = YES;
				CLANG_WARN_DIRECT_OBJC_ISA_USAGE = YES_ERROR;
				CLANG_WARN_DOCUMENTATION_COMMENTS = YES;
				CLANG_WARN_EMPTY_BODY = YES;
				CLANG_WARN_ENUM_CONVERSION = YES;
				CLANG_WARN_INFINITE_RECURSION = YES;
				CLANG_WARN_INT_CONVERSION = YES;
				CLANG_WARN_NON_LITERAL_NULL_CONVERSION = YES;
				CLANG_WARN_OBJC_IMPLICIT_RETAIN_SELF = YES;
				CLANG_WARN_OBJC_LITERAL_CONVERSION = YES;
				CLANG_WARN_OBJC_ROOT_CLASS = YES_ERROR;
				CLANG_WARN_QUOTED_INCLUDE_IN_FRAMEWORK_HEADER = YES;
				CLANG_WARN_RANGE_LOOP_ANALYSIS = YES;
				CLANG_WARN_STRICT_PROTOTYPES = YES;
				CLANG_WARN_SUSPICIOUS_MOVE = YES;
				CLANG_WARN_UNGUARDED_AVAILABILITY = YES_AGGRESSIVE;
				CLANG_WARN_UNREACHABLE_CODE = YES;
				CLANG_WARN__DUPLICATE_METHOD_MATCH = YES;
				COPY_PHASE_STRIP = NO;
				CURRENT_PROJECT_VERSION = 1;
				DEBUG_INFORMATION_FORMAT = "dwarf-with-dsym";
				ENABLE_NS_ASSERTIONS = NO;
				ENABLE_STRICT_OBJC_MSGSEND = YES;
				GCC_C_LANGUAGE_STANDARD = gnu11;
				GCC_NO_COMMON_BLOCKS = YES;
				GCC_WARN_64_TO_32_BIT_CONVERSION = YES;
				GCC_WARN_ABOUT_RETURN_TYPE = YES_ERROR;
				GCC_WARN_UNDECLARED_SELECTOR = YES;
				GCC_WARN_UNINITIALIZED_AUTOS = YES_AGGRESSIVE;
				GCC_WARN_UNUSED_FUNCTION = YES;
				GCC_WARN_UNUSED_VARIABLE = YES;
				IPHONEOS_DEPLOYMENT_TARGET = 16.1;
				MTL_ENABLE_DEBUG_INFO = NO;
				MTL_FAST_MATH = YES;
				SDKROOT = iphoneos;
				SWIFT_COMPILATION_MODE = wholemodule;
				SWIFT_OPTIMIZATION_LEVEL = "-O";
				VALIDATE_PRODUCT = YES;
				VERSIONING_SYSTEM = "apple-generic";
				VERSION_INFO_PREFIX = "";
			};
			name = Release;
		};
		B394AA4B2ACD0859009B9AC6 /* Debug */ = {
			isa = XCBuildConfiguration;
			baseConfigurationReference = 7DB44737B08FD25D9F00B54F /* Pods-LivenessMas.debug.xcconfig */;
			buildSettings = {
				CODE_SIGN_STYLE = Automatic;
				CURRENT_PROJECT_VERSION = 1;
				DEFINES_MODULE = YES;
				DEVELOPMENT_TEAM = MR85D28T63;
				DYLIB_COMPATIBILITY_VERSION = 1;
				DYLIB_CURRENT_VERSION = 1;
				DYLIB_INSTALL_NAME_BASE = "@rpath";
				GENERATE_INFOPLIST_FILE = YES;
				INFOPLIST_KEY_NSHumanReadableCopyright = "";
				INSTALL_PATH = "$(LOCAL_LIBRARY_DIR)/Frameworks";
				LD_RUNPATH_SEARCH_PATHS = (
					"$(inherited)",
					"@executable_path/Frameworks",
					"@loader_path/Frameworks",
				);
				MARKETING_VERSION = 1.0;
				PRODUCT_BUNDLE_IDENTIFIER = com.mascom.miniapp.sdk.LivenessMas;
				PRODUCT_NAME = "$(TARGET_NAME:c99extidentifier)";
				SKIP_INSTALL = YES;
				SWIFT_EMIT_LOC_STRINGS = YES;
				SWIFT_VERSION = 5.0;
				TARGETED_DEVICE_FAMILY = "1,2";
			};
			name = Debug;
		};
		B394AA4C2ACD0859009B9AC6 /* Release */ = {
			isa = XCBuildConfiguration;
			baseConfigurationReference = B58FA978A9A6D57718753345 /* Pods-LivenessMas.release.xcconfig */;
			buildSettings = {
				CODE_SIGN_STYLE = Automatic;
				CURRENT_PROJECT_VERSION = 1;
				DEFINES_MODULE = YES;
				DEVELOPMENT_TEAM = MR85D28T63;
				DYLIB_COMPATIBILITY_VERSION = 1;
				DYLIB_CURRENT_VERSION = 1;
				DYLIB_INSTALL_NAME_BASE = "@rpath";
				GENERATE_INFOPLIST_FILE = YES;
				INFOPLIST_KEY_NSHumanReadableCopyright = "";
				INSTALL_PATH = "$(LOCAL_LIBRARY_DIR)/Frameworks";
				LD_RUNPATH_SEARCH_PATHS = (
					"$(inherited)",
					"@executable_path/Frameworks",
					"@loader_path/Frameworks",
				);
				MARKETING_VERSION = 1.0;
				PRODUCT_BUNDLE_IDENTIFIER = com.mascom.miniapp.sdk.LivenessMas;
				PRODUCT_NAME = "$(TARGET_NAME:c99extidentifier)";
				SKIP_INSTALL = YES;
				SWIFT_EMIT_LOC_STRINGS = YES;
				SWIFT_VERSION = 5.0;
				TARGETED_DEVICE_FAMILY = "1,2";
			};
			name = Release;
		};
		B394AA6A2ACD095C009B9AC6 /* Debug */ = {
			isa = XCBuildConfiguration;
			buildSettings = {
				CODE_SIGN_STYLE = Automatic;
				DEVELOPMENT_TEAM = MR85D28T63;
				PRODUCT_NAME = "$(TARGET_NAME)";
			};
			name = Debug;
		};
		B394AA6B2ACD095C009B9AC6 /* Release */ = {
			isa = XCBuildConfiguration;
			buildSettings = {
				CODE_SIGN_STYLE = Automatic;
				DEVELOPMENT_TEAM = MR85D28T63;
				PRODUCT_NAME = "$(TARGET_NAME)";
			};
			name = Release;
		};
/* End XCBuildConfiguration section */

/* Begin XCConfigurationList section */
		B394AA3D2ACD0859009B9AC6 /* Build configuration list for PBXProject "LivenessMas" */ = {
			isa = XCConfigurationList;
			buildConfigurations = (
				B394AA482ACD0859009B9AC6 /* Debug */,
				B394AA492ACD0859009B9AC6 /* Release */,
			);
			defaultConfigurationIsVisible = 0;
			defaultConfigurationName = Release;
		};
		B394AA4A2ACD0859009B9AC6 /* Build configuration list for PBXNativeTarget "LivenessMas" */ = {
			isa = XCConfigurationList;
			buildConfigurations = (
				B394AA4B2ACD0859009B9AC6 /* Debug */,
				B394AA4C2ACD0859009B9AC6 /* Release */,
			);
			defaultConfigurationIsVisible = 0;
			defaultConfigurationName = Release;
		};
		B394AA6C2ACD095C009B9AC6 /* Build configuration list for PBXAggregateTarget "LivenesMass-Univesal" */ = {
			isa = XCConfigurationList;
			buildConfigurations = (
				B394AA6A2ACD095C009B9AC6 /* Debug */,
				B394AA6B2ACD095C009B9AC6 /* Release */,
			);
			defaultConfigurationIsVisible = 0;
			defaultConfigurationName = Release;
		};
/* End XCConfigurationList section */
	};
	rootObject = B394AA3A2ACD0859009B9AC6 /* Project object */;
}
